
Microsoft Visual Studio Solution File, Format Version 12.00
# Visual Studio 15
Project("{FAE04EC0-301F-11D3-BF4B-00C04F79EFBC}") = "Assembly-CSharp", "Assembly-CSharp.csproj", "{E54CCA83-357F-0119-236E-E9C298C42DF1}"
EndProject
Project("{FAE04EC0-301F-11D3-BF4B-00C04F79EFBC}") = "Assembly-CSharp-Editor", "Assembly-CSharp-Editor.csproj", "{BACC5C4A-1630-AC8C-9B0F-69BFAB5E607D}"
EndProject
Project("{FAE04EC0-301F-11D3-BF4B-00C04F79EFBC}") = "Assembly-CSharp", "Assembly-CSharp.Player.csproj", "{B722376D-53A7-4B91-3714-E3125E786AAC}"
EndProject
Global
	GlobalSection(SolutionConfigurationPlatforms) = preSolution
		Debug|Any CPU = Debug|Any CPU
		Release|Any CPU = Release|Any CPU
	EndGlobalSection
	GlobalSection(ProjectConfigurationPlatforms) = postSolution
		{E54CCA83-357F-0119-236E-E9C298C42DF1}.Debug|Any CPU.ActiveCfg = Debug|Any CPU
		{E54CCA83-357F-0119-236E-E9C298C42DF1}.Debug|Any CPU.Build.0 = Debug|Any CPU
		{E54CCA83-357F-0119-236E-E9C298C42DF1}.Release|Any CPU.ActiveCfg = Release|Any CPU
		{E54CCA83-357F-0119-236E-E9C298C42DF1}.Release|Any CPU.Build.0 = Release|Any CPU
		{BACC5C4A-1630-AC8C-9B0F-69BFAB5E607D}.Debug|Any CPU.ActiveCfg = Debug|Any CPU
		{BACC5C4A-1630-AC8C-9B0F-69BFAB5E607D}.Debug|Any CPU.Build.0 = Debug|Any CPU
		{BACC5C4A-1630-AC8C-9B0F-69BFAB5E607D}.Release|Any CPU.ActiveCfg = Release|Any CPU
		{BACC5C4A-1630-AC8C-9B0F-69BFAB5E607D}.Release|Any CPU.Build.0 = Release|Any CPU
		{B722376D-53A7-4B91-3714-E3125E786AAC}.Debug|Any CPU.ActiveCfg = Debug|Any CPU
		{B722376D-53A7-4B91-3714-E3125E786AAC}.Debug|Any CPU.Build.0 = Debug|Any CPU
		{B722376D-53A7-4B91-3714-E3125E786AAC}.Release|Any CPU.ActiveCfg = Release|Any CPU
		{B722376D-53A7-4B91-3714-E3125E786AAC}.Release|Any CPU.Build.0 = Release|Any CPU
	EndGlobalSection
	GlobalSection(SolutionProperties) = preSolution
		HideSolutionNode = FALSE
	EndGlobalSection
EndGlobal
